dependencies:
- name: storm
  repository: https://g-research.github.io/charts
  version: 1.0.6
- name: kafka
  repository: https://charts.bitnami.com/bitnami
  version: 12.13.1
- name: hdfs
  repository: https://gradiant.github.io/charts
  version: 0.1.10
digest: sha256:b6982502208e25577ebabd1ca9082865b09503d0d113fc6593959425e2f9ce4f
generated: "2021-03-24T16:37:50.280479-07:00"
