dependencies:
- name: storm
  repository: https://g-research.github.io/charts
  version: 1.0.9
- name: kafka
  repository: https://charts.bitnami.com/bitnami
  version: 12.16.2
- name: hdfs
  repository: https://gradiant.github.io/charts
  version: 0.1.10
- name: zookeeper
  repository: https://charts.bitnami.com/bitnami
  version: 6.5.4
digest: sha256:95360a2bb6f63d4d30b72399d8bfc2a71e0c7632ac6b0f5b545b5eaed5006072
generated: "2021-05-24T21:25:00.561082-07:00"
