dependencies:
- name: storm
  repository: https://g-research.github.io/charts
  version: 1.0.9
- name: kafka
  repository: https://charts.bitnami.com/bitnami
  version: 12.16.2
- name: hdfs
  repository: https://gradiant.github.io/charts
  version: 0.1.10
- name: zookeeper
  repository: https://charts.bitnami.com/bitnami
  version: 6.5.4
digest: sha256:fa2cdf3feabf5d0002c7d8435c2c18b8ad8e082f218e4606b070ec421de135cf
generated: "2021-06-16T12:19:32.997504-07:00"
